
Microsoft Visual Studio Solution File, Format Version 12.00
# Visual Studio Version 17
VisualStudioVersion = 17.7.34031.279
MinimumVisualStudioVersion = 10.0.40219.1
Project("{2150E333-8FDC-42A3-9474-1A3956D46DE8}") = "Services", "Services", "{C0A8CFF2-71BF-406B-AA82-57510FF739CD}"
EndProject
Project("{2150E333-8FDC-42A3-9474-1A3956D46DE8}") = "Catalog", "Catalog", "{04D2D005-388A-4B2F-AA11-79DEA1A6D4D4}"
EndProject
Project("{9A19103F-16F7-4668-BE54-9A1E7A4F7556}") = "FreeCourse.Services.Catalog", "Services\Catalog\FreeCourse.Services.Catalog\FreeCourse.Services.Catalog.csproj", "{3A60A448-7A52-468C-8436-1665BE5D867B}"
EndProject
Project("{2150E333-8FDC-42A3-9474-1A3956D46DE8}") = "Solution Items", "Solution Items", "{8965A233-7904-4CC5-ABC8-114AB98F9FF2}"
	ProjectSection(SolutionItems) = preProject
		Ports.txt = Ports.txt
	EndProjectSection
EndProject
Project("{2150E333-8FDC-42A3-9474-1A3956D46DE8}") = "Shared", "Shared", "{A5FDFC43-C6AF-4C02-B716-2F4D208B5D0B}"
EndProject
Project("{9A19103F-16F7-4668-BE54-9A1E7A4F7556}") = "FreeCourse.Shared", "Shared\FreeCourse.Shared\FreeCourse.Shared.csproj", "{74BB0A52-7757-45E4-81FB-E19BED66C440}"
EndProject
Project("{2150E333-8FDC-42A3-9474-1A3956D46DE8}") = "IdentityServer", "IdentityServer", "{93A4999B-8E8F-40BA-95DC-CB10978484F6}"
EndProject
Project("{9A19103F-16F7-4668-BE54-9A1E7A4F7556}") = "FreeCourse.IdentityServer", "IdentityServer\FreeCourse.IdentityServer\FreeCourse.IdentityServer.csproj", "{0FE64140-2929-43A9-876F-D78FEAAC603F}"
EndProject
Project("{2150E333-8FDC-42A3-9474-1A3956D46DE8}") = "PhotoStock", "PhotoStock", "{41392666-472F-4CBD-A1B5-EFBD33A7525C}"
EndProject
Project("{FAE04EC0-301F-11D3-BF4B-00C04F79EFBC}") = "FreeCourse.Services.PhotoStock", "Services\PhotoStock\FreeCourse.Services.PhotoStock\FreeCourse.Services.PhotoStock.csproj", "{EAB67BE2-E1A8-4823-A323-13DDCDE745B9}"
EndProject
Project("{2150E333-8FDC-42A3-9474-1A3956D46DE8}") = "Basket", "Basket", "{971A6468-A2E9-4744-AE72-50A89B1CFA41}"
EndProject
Project("{FAE04EC0-301F-11D3-BF4B-00C04F79EFBC}") = "FreeCourse.Services.Basket", "Services\Basket\FreeCourse.Services.Basket\FreeCourse.Services.Basket.csproj", "{8071E475-815A-41AD-86DD-14457D5F30A2}"
EndProject
Global
	GlobalSection(SolutionConfigurationPlatforms) = preSolution
		Debug|Any CPU = Debug|Any CPU
		Release|Any CPU = Release|Any CPU
	EndGlobalSection
	GlobalSection(ProjectConfigurationPlatforms) = postSolution
		{3A60A448-7A52-468C-8436-1665BE5D867B}.Debug|Any CPU.ActiveCfg = Debug|Any CPU
		{3A60A448-7A52-468C-8436-1665BE5D867B}.Debug|Any CPU.Build.0 = Debug|Any CPU
		{3A60A448-7A52-468C-8436-1665BE5D867B}.Release|Any CPU.ActiveCfg = Release|Any CPU
		{3A60A448-7A52-468C-8436-1665BE5D867B}.Release|Any CPU.Build.0 = Release|Any CPU
		{74BB0A52-7757-45E4-81FB-E19BED66C440}.Debug|Any CPU.ActiveCfg = Debug|Any CPU
		{74BB0A52-7757-45E4-81FB-E19BED66C440}.Debug|Any CPU.Build.0 = Debug|Any CPU
		{74BB0A52-7757-45E4-81FB-E19BED66C440}.Release|Any CPU.ActiveCfg = Release|Any CPU
		{74BB0A52-7757-45E4-81FB-E19BED66C440}.Release|Any CPU.Build.0 = Release|Any CPU
		{0FE64140-2929-43A9-876F-D78FEAAC603F}.Debug|Any CPU.ActiveCfg = Debug|Any CPU
		{0FE64140-2929-43A9-876F-D78FEAAC603F}.Debug|Any CPU.Build.0 = Debug|Any CPU
		{0FE64140-2929-43A9-876F-D78FEAAC603F}.Release|Any CPU.ActiveCfg = Release|Any CPU
		{0FE64140-2929-43A9-876F-D78FEAAC603F}.Release|Any CPU.Build.0 = Release|Any CPU
		{EAB67BE2-E1A8-4823-A323-13DDCDE745B9}.Debug|Any CPU.ActiveCfg = Debug|Any CPU
		{EAB67BE2-E1A8-4823-A323-13DDCDE745B9}.Debug|Any CPU.Build.0 = Debug|Any CPU
		{EAB67BE2-E1A8-4823-A323-13DDCDE745B9}.Release|Any CPU.ActiveCfg = Release|Any CPU
		{EAB67BE2-E1A8-4823-A323-13DDCDE745B9}.Release|Any CPU.Build.0 = Release|Any CPU
		{8071E475-815A-41AD-86DD-14457D5F30A2}.Debug|Any CPU.ActiveCfg = Debug|Any CPU
		{8071E475-815A-41AD-86DD-14457D5F30A2}.Debug|Any CPU.Build.0 = Debug|Any CPU
		{8071E475-815A-41AD-86DD-14457D5F30A2}.Release|Any CPU.ActiveCfg = Release|Any CPU
		{8071E475-815A-41AD-86DD-14457D5F30A2}.Release|Any CPU.Build.0 = Release|Any CPU
	EndGlobalSection
	GlobalSection(SolutionProperties) = preSolution
		HideSolutionNode = FALSE
	EndGlobalSection
	GlobalSection(NestedProjects) = preSolution
		{04D2D005-388A-4B2F-AA11-79DEA1A6D4D4} = {C0A8CFF2-71BF-406B-AA82-57510FF739CD}
		{3A60A448-7A52-468C-8436-1665BE5D867B} = {04D2D005-388A-4B2F-AA11-79DEA1A6D4D4}
		{74BB0A52-7757-45E4-81FB-E19BED66C440} = {A5FDFC43-C6AF-4C02-B716-2F4D208B5D0B}
		{0FE64140-2929-43A9-876F-D78FEAAC603F} = {93A4999B-8E8F-40BA-95DC-CB10978484F6}
		{41392666-472F-4CBD-A1B5-EFBD33A7525C} = {C0A8CFF2-71BF-406B-AA82-57510FF739CD}
		{EAB67BE2-E1A8-4823-A323-13DDCDE745B9} = {41392666-472F-4CBD-A1B5-EFBD33A7525C}
		{971A6468-A2E9-4744-AE72-50A89B1CFA41} = {C0A8CFF2-71BF-406B-AA82-57510FF739CD}
		{8071E475-815A-41AD-86DD-14457D5F30A2} = {971A6468-A2E9-4744-AE72-50A89B1CFA41}
	EndGlobalSection
	GlobalSection(ExtensibilityGlobals) = postSolution
		SolutionGuid = {3B02E295-8D74-4202-A5C7-6D1DF15B0E4B}
	EndGlobalSection
EndGlobal
